
Microsoft Visual Studio Solution File, Format Version 12.00
# Visual Studio 15
VisualStudioVersion = 15.0.27703.2026
MinimumVisualStudioVersion = 10.0.40219.1
Project("{8BC9CEB8-8B4A-11D0-8D11-00A0C91BC942}") = "HW1.1", "HW1.1\HW1.1.vcxproj", "{FAE7F18E-140E-49A7-936D-5A37482E184B}"
EndProject
Global
	GlobalSection(SolutionConfigurationPlatforms) = preSolution
		Debug|x64 = Debug|x64
		Debug|x86 = Debug|x86
		Release|x64 = Release|x64
		Release|x86 = Release|x86
	EndGlobalSection
	GlobalSection(ProjectConfigurationPlatforms) = postSolution
		{FAE7F18E-140E-49A7-936D-5A37482E184B}.Debug|x64.ActiveCfg = Debug|x64
		{FAE7F18E-140E-49A7-936D-5A37482E184B}.Debug|x64.Build.0 = Debug|x64
		{FAE7F18E-140E-49A7-936D-5A37482E184B}.Debug|x86.ActiveCfg = Debug|Win32
		{FAE7F18E-140E-49A7-936D-5A37482E184B}.Debug|x86.Build.0 = Debug|Win32
		{FAE7F18E-140E-49A7-936D-5A37482E184B}.Release|x64.ActiveCfg = Release|x64
		{FAE7F18E-140E-49A7-936D-5A37482E184B}.Release|x64.Build.0 = Release|x64
		{FAE7F18E-140E-49A7-936D-5A37482E184B}.Release|x86.ActiveCfg = Release|Win32
		{FAE7F18E-140E-49A7-936D-5A37482E184B}.Release|x86.Build.0 = Release|Win32
	EndGlobalSection
	GlobalSection(SolutionProperties) = preSolution
		HideSolutionNode = FALSE
	EndGlobalSection
	GlobalSection(ExtensibilityGlobals) = postSolution
		SolutionGuid = {ED75873D-C1DB-4561-AE28-A58F2A3EF281}
	EndGlobalSection
EndGlobal
